// !$*UTF8*$!
{
	archiveVersion = 1;
	classes = {
	};
	objectVersion = 50;
	objects = {

/* Begin PBXBuildFile section */
		603E4C71CB24E3F551285753 /* Pods_Hopeathon.framework in Frameworks */ = {isa = PBXBuildFile; fileRef = 7DD9E3B06359142A365FC463 /* Pods_Hopeathon.framework */; };
		61F08696213EB70A00E1BAF3 /* PointCell.swift in Sources */ = {isa = PBXBuildFile; fileRef = 61F08695213EB70A00E1BAF3 /* PointCell.swift */; };
		FC230E86213EC0E000A67845 /* User.swift in Sources */ = {isa = PBXBuildFile; fileRef = FC230E85213EC0E000A67845 /* User.swift */; };
		FC47EC05213D7E2500EF4DA8 /* AppDelegate.swift in Sources */ = {isa = PBXBuildFile; fileRef = FC47EC04213D7E2500EF4DA8 /* AppDelegate.swift */; };
		FC47EC07213D7E2500EF4DA8 /* LoginViewController.swift in Sources */ = {isa = PBXBuildFile; fileRef = FC47EC06213D7E2500EF4DA8 /* LoginViewController.swift */; };
		FC47EC0A213D7E2500EF4DA8 /* Login.storyboard in Resources */ = {isa = PBXBuildFile; fileRef = FC47EC08213D7E2500EF4DA8 /* Login.storyboard */; };
		FC47EC0C213D7E2700EF4DA8 /* Assets.xcassets in Resources */ = {isa = PBXBuildFile; fileRef = FC47EC0B213D7E2700EF4DA8 /* Assets.xcassets */; };
		FC47EC1C213DFCD300EF4DA8 /* Project.storyboard in Resources */ = {isa = PBXBuildFile; fileRef = FC47EC1B213DFCD300EF4DA8 /* Project.storyboard */; };
		FC47EC20213E06A900EF4DA8 /* Point.storyboard in Resources */ = {isa = PBXBuildFile; fileRef = FC47EC1F213E06A900EF4DA8 /* Point.storyboard */; };
		FC47EC23213E206A00EF4DA8 /* Project Detail.storyboard in Resources */ = {isa = PBXBuildFile; fileRef = FC47EC22213E206A00EF4DA8 /* Project Detail.storyboard */; };
		FC47EC26213E209700EF4DA8 /* Point Detail.storyboard in Resources */ = {isa = PBXBuildFile; fileRef = FC47EC25213E209700EF4DA8 /* Point Detail.storyboard */; };
		FC47EC28213E563A00EF4DA8 /* ProjectViewController.swift in Sources */ = {isa = PBXBuildFile; fileRef = FC47EC27213E563A00EF4DA8 /* ProjectViewController.swift */; };
		FC47EC2A213E567900EF4DA8 /* ProjectNewViewController.swift in Sources */ = {isa = PBXBuildFile; fileRef = FC47EC29213E567900EF4DA8 /* ProjectNewViewController.swift */; };
		FC47EC2C213E579100EF4DA8 /* Extensions.swift in Sources */ = {isa = PBXBuildFile; fileRef = FC47EC2B213E579100EF4DA8 /* Extensions.swift */; };
		FC47EC2F213E58FD00EF4DA8 /* ProjectDetailViewController.swift in Sources */ = {isa = PBXBuildFile; fileRef = FC47EC2E213E58FD00EF4DA8 /* ProjectDetailViewController.swift */; };
		FC47EC31213E611600EF4DA8 /* ProjectDetailEditViewController.swift in Sources */ = {isa = PBXBuildFile; fileRef = FC47EC30213E611600EF4DA8 /* ProjectDetailEditViewController.swift */; };
		FC47EC33213E704800EF4DA8 /* PointViewController.swift in Sources */ = {isa = PBXBuildFile; fileRef = FC47EC32213E704800EF4DA8 /* PointViewController.swift */; };
		FC47EC36213E77D700EF4DA8 /* Logistic.storyboard in Resources */ = {isa = PBXBuildFile; fileRef = FC47EC35213E77D700EF4DA8 /* Logistic.storyboard */; };
		FC47EC38213E853400EF4DA8 /* PointMainViewController.swift in Sources */ = {isa = PBXBuildFile; fileRef = FC47EC37213E853400EF4DA8 /* PointMainViewController.swift */; };
		FC47EC3C213E89AA00EF4DA8 /* ProjectMainViewController.swift in Sources */ = {isa = PBXBuildFile; fileRef = FC47EC3B213E89AA00EF4DA8 /* ProjectMainViewController.swift */; };
		FC47EC3E213E8D4600EF4DA8 /* PointDetailViewController.swift in Sources */ = {isa = PBXBuildFile; fileRef = FC47EC3D213E8D4600EF4DA8 /* PointDetailViewController.swift */; };
		FC47EC40213E8D7100EF4DA8 /* LogisticViewController.swift in Sources */ = {isa = PBXBuildFile; fileRef = FC47EC3F213E8D7100EF4DA8 /* LogisticViewController.swift */; };
		FC47EC42213E8DAD00EF4DA8 /* PointNewViewController.swift in Sources */ = {isa = PBXBuildFile; fileRef = FC47EC41213E8DAD00EF4DA8 /* PointNewViewController.swift */; };
		FC47EC44213E933D00EF4DA8 /* GoogleService-Info.plist in Resources */ = {isa = PBXBuildFile; fileRef = FC47EC43213E933D00EF4DA8 /* GoogleService-Info.plist */; };
/* End PBXBuildFile section */

/* Begin PBXFileReference section */
		0588584EEEB706711FE93AB8 /* Pods-Hopeathon.debug.xcconfig */ = {isa = PBXFileReference; includeInIndex = 1; lastKnownFileType = text.xcconfig; name = "Pods-Hopeathon.debug.xcconfig"; path = "Pods/Target Support Files/Pods-Hopeathon/Pods-Hopeathon.debug.xcconfig"; sourceTree = "<group>"; };
		61F08695213EB70A00E1BAF3 /* PointCell.swift */ = {isa = PBXFileReference; lastKnownFileType = sourcecode.swift; path = PointCell.swift; sourceTree = "<group>"; };
		7DD9E3B06359142A365FC463 /* Pods_Hopeathon.framework */ = {isa = PBXFileReference; explicitFileType = wrapper.framework; includeInIndex = 0; path = Pods_Hopeathon.framework; sourceTree = BUILT_PRODUCTS_DIR; };
		B76744A23B4EFA2A4F622AA9 /* Pods-Hopeathon.release.xcconfig */ = {isa = PBXFileReference; includeInIndex = 1; lastKnownFileType = text.xcconfig; name = "Pods-Hopeathon.release.xcconfig"; path = "Pods/Target Support Files/Pods-Hopeathon/Pods-Hopeathon.release.xcconfig"; sourceTree = "<group>"; };
		FC230E85213EC0E000A67845 /* User.swift */ = {isa = PBXFileReference; lastKnownFileType = sourcecode.swift; path = User.swift; sourceTree = "<group>"; };
		FC47EC01213D7E2500EF4DA8 /* Hopeathon.app */ = {isa = PBXFileReference; explicitFileType = wrapper.application; includeInIndex = 0; path = Hopeathon.app; sourceTree = BUILT_PRODUCTS_DIR; };
		FC47EC04213D7E2500EF4DA8 /* AppDelegate.swift */ = {isa = PBXFileReference; lastKnownFileType = sourcecode.swift; path = AppDelegate.swift; sourceTree = "<group>"; };
		FC47EC06213D7E2500EF4DA8 /* LoginViewController.swift */ = {isa = PBXFileReference; lastKnownFileType = sourcecode.swift; path = LoginViewController.swift; sourceTree = "<group>"; };
		FC47EC09213D7E2500EF4DA8 /* Base */ = {isa = PBXFileReference; lastKnownFileType = file.storyboard; name = Base; path = Base.lproj/Login.storyboard; sourceTree = "<group>"; };
		FC47EC0B213D7E2700EF4DA8 /* Assets.xcassets */ = {isa = PBXFileReference; lastKnownFileType = folder.assetcatalog; path = Assets.xcassets; sourceTree = "<group>"; };
		FC47EC10213D7E2700EF4DA8 /* Info.plist */ = {isa = PBXFileReference; lastKnownFileType = text.plist.xml; path = Info.plist; sourceTree = "<group>"; };
		FC47EC1B213DFCD300EF4DA8 /* Project.storyboard */ = {isa = PBXFileReference; lastKnownFileType = file.storyboard; path = Project.storyboard; sourceTree = "<group>"; };
		FC47EC1F213E06A900EF4DA8 /* Point.storyboard */ = {isa = PBXFileReference; fileEncoding = 4; lastKnownFileType = file.storyboard; name = Point.storyboard; path = Hopeathon/Point/Point.storyboard; sourceTree = SOURCE_ROOT; };
		FC47EC22213E206A00EF4DA8 /* Project Detail.storyboard */ = {isa = PBXFileReference; lastKnownFileType = file.storyboard; path = "Project Detail.storyboard"; sourceTree = "<group>"; };
		FC47EC25213E209700EF4DA8 /* Point Detail.storyboard */ = {isa = PBXFileReference; lastKnownFileType = file.storyboard; path = "Point Detail.storyboard"; sourceTree = "<group>"; };
		FC47EC27213E563A00EF4DA8 /* ProjectViewController.swift */ = {isa = PBXFileReference; lastKnownFileType = sourcecode.swift; path = ProjectViewController.swift; sourceTree = "<group>"; };
		FC47EC29213E567900EF4DA8 /* ProjectNewViewController.swift */ = {isa = PBXFileReference; lastKnownFileType = sourcecode.swift; path = ProjectNewViewController.swift; sourceTree = "<group>"; };
		FC47EC2B213E579100EF4DA8 /* Extensions.swift */ = {isa = PBXFileReference; lastKnownFileType = sourcecode.swift; path = Extensions.swift; sourceTree = "<group>"; };
		FC47EC2E213E58FD00EF4DA8 /* ProjectDetailViewController.swift */ = {isa = PBXFileReference; lastKnownFileType = sourcecode.swift; path = ProjectDetailViewController.swift; sourceTree = "<group>"; };
		FC47EC30213E611600EF4DA8 /* ProjectDetailEditViewController.swift */ = {isa = PBXFileReference; lastKnownFileType = sourcecode.swift; path = ProjectDetailEditViewController.swift; sourceTree = "<group>"; };
		FC47EC32213E704800EF4DA8 /* PointViewController.swift */ = {isa = PBXFileReference; lastKnownFileType = sourcecode.swift; path = PointViewController.swift; sourceTree = "<group>"; };
		FC47EC35213E77D700EF4DA8 /* Logistic.storyboard */ = {isa = PBXFileReference; lastKnownFileType = file.storyboard; path = Logistic.storyboard; sourceTree = "<group>"; };
		FC47EC37213E853400EF4DA8 /* PointMainViewController.swift */ = {isa = PBXFileReference; lastKnownFileType = sourcecode.swift; path = PointMainViewController.swift; sourceTree = "<group>"; };
		FC47EC3B213E89AA00EF4DA8 /* ProjectMainViewController.swift */ = {isa = PBXFileReference; lastKnownFileType = sourcecode.swift; path = ProjectMainViewController.swift; sourceTree = "<group>"; };
		FC47EC3D213E8D4600EF4DA8 /* PointDetailViewController.swift */ = {isa = PBXFileReference; lastKnownFileType = sourcecode.swift; path = PointDetailViewController.swift; sourceTree = "<group>"; };
		FC47EC3F213E8D7100EF4DA8 /* LogisticViewController.swift */ = {isa = PBXFileReference; lastKnownFileType = sourcecode.swift; path = LogisticViewController.swift; sourceTree = "<group>"; };
		FC47EC41213E8DAD00EF4DA8 /* PointNewViewController.swift */ = {isa = PBXFileReference; lastKnownFileType = sourcecode.swift; path = PointNewViewController.swift; sourceTree = "<group>"; };
		FC47EC43213E933D00EF4DA8 /* GoogleService-Info.plist */ = {isa = PBXFileReference; fileEncoding = 4; lastKnownFileType = text.plist.xml; path = "GoogleService-Info.plist"; sourceTree = "<group>"; };
/* End PBXFileReference section */

/* Begin PBXFrameworksBuildPhase section */
		FC47EBFE213D7E2500EF4DA8 /* Frameworks */ = {
			isa = PBXFrameworksBuildPhase;
			buildActionMask = 2147483647;
			files = (
				603E4C71CB24E3F551285753 /* Pods_Hopeathon.framework in Frameworks */,
			);
			runOnlyForDeploymentPostprocessing = 0;
		};
/* End PBXFrameworksBuildPhase section */

/* Begin PBXGroup section */
		784A7CE8018346FE212CFDB7 /* Frameworks */ = {
			isa = PBXGroup;
			children = (
				7DD9E3B06359142A365FC463 /* Pods_Hopeathon.framework */,
			);
			name = Frameworks;
			sourceTree = "<group>";
		};
		CEC5395F616BDD19817CE01D /* Pods */ = {
			isa = PBXGroup;
			children = (
				0588584EEEB706711FE93AB8 /* Pods-Hopeathon.debug.xcconfig */,
				B76744A23B4EFA2A4F622AA9 /* Pods-Hopeathon.release.xcconfig */,
			);
			name = Pods;
			sourceTree = "<group>";
		};
		FC230E84213EC0B500A67845 /* Model */ = {
			isa = PBXGroup;
			children = (
				FC230E85213EC0E000A67845 /* User.swift */,
			);
			path = Model;
			sourceTree = "<group>";
		};
		FC47EBF8213D7E2500EF4DA8 = {
			isa = PBXGroup;
			children = (
				FC47EC03213D7E2500EF4DA8 /* Hopeathon */,
				FC47EC02213D7E2500EF4DA8 /* Products */,
				CEC5395F616BDD19817CE01D /* Pods */,
				784A7CE8018346FE212CFDB7 /* Frameworks */,
			);
			sourceTree = "<group>";
		};
		FC47EC02213D7E2500EF4DA8 /* Products */ = {
			isa = PBXGroup;
			children = (
				FC47EC01213D7E2500EF4DA8 /* Hopeathon.app */,
			);
			name = Products;
			sourceTree = "<group>";
		};
		FC47EC03213D7E2500EF4DA8 /* Hopeathon */ = {
			isa = PBXGroup;
			children = (
				FC47EC16213DFAC800EF4DA8 /* Supporting Files */,
				FC47EC2D213E57C000EF4DA8 /* Helpers */,
				FC230E84213EC0B500A67845 /* Model */,
				FC47EC17213DFAE100EF4DA8 /* Auth */,
				FC47EC18213DFB0E00EF4DA8 /* Project */,
				FC47EC21213E203B00EF4DA8 /* Project Detail */,
				FC47EC1A213DFB4400EF4DA8 /* Point */,
				FC47EC24213E207E00EF4DA8 /* Point Detail */,
				FC47EC34213E77BE00EF4DA8 /* Logistic */,
			);
			path = Hopeathon;
			sourceTree = "<group>";
		};
		FC47EC16213DFAC800EF4DA8 /* Supporting Files */ = {
			isa = PBXGroup;
			children = (
				FC47EC10213D7E2700EF4DA8 /* Info.plist */,
				FC47EC43213E933D00EF4DA8 /* GoogleService-Info.plist */,
				FC47EC0B213D7E2700EF4DA8 /* Assets.xcassets */,
				FC47EC04213D7E2500EF4DA8 /* AppDelegate.swift */,
			);
			path = "Supporting Files";
			sourceTree = "<group>";
		};
		FC47EC17213DFAE100EF4DA8 /* Auth */ = {
			isa = PBXGroup;
			children = (
				FC47EC08213D7E2500EF4DA8 /* Login.storyboard */,
				FC47EC06213D7E2500EF4DA8 /* LoginViewController.swift */,
			);
			path = Auth;
			sourceTree = "<group>";
		};
		FC47EC18213DFB0E00EF4DA8 /* Project */ = {
			isa = PBXGroup;
			children = (
				FC47EC1B213DFCD300EF4DA8 /* Project.storyboard */,
				FC47EC27213E563A00EF4DA8 /* ProjectViewController.swift */,
				FC47EC3B213E89AA00EF4DA8 /* ProjectMainViewController.swift */,
				FC47EC29213E567900EF4DA8 /* ProjectNewViewController.swift */,
			);
			path = Project;
			sourceTree = "<group>";
		};
		FC47EC1A213DFB4400EF4DA8 /* Point */ = {
			isa = PBXGroup;
			children = (
				FC47EC1F213E06A900EF4DA8 /* Point.storyboard */,
				61F08695213EB70A00E1BAF3 /* PointCell.swift */,
				FC47EC32213E704800EF4DA8 /* PointViewController.swift */,
				FC47EC37213E853400EF4DA8 /* PointMainViewController.swift */,
				FC47EC41213E8DAD00EF4DA8 /* PointNewViewController.swift */,
			);
			path = Point;
			sourceTree = "<group>";
		};
		FC47EC21213E203B00EF4DA8 /* Project Detail */ = {
			isa = PBXGroup;
			children = (
				FC47EC22213E206A00EF4DA8 /* Project Detail.storyboard */,
				FC47EC2E213E58FD00EF4DA8 /* ProjectDetailViewController.swift */,
				FC47EC30213E611600EF4DA8 /* ProjectDetailEditViewController.swift */,
			);
			path = "Project Detail";
			sourceTree = "<group>";
		};
		FC47EC24213E207E00EF4DA8 /* Point Detail */ = {
			isa = PBXGroup;
			children = (
				FC47EC25213E209700EF4DA8 /* Point Detail.storyboard */,
				FC47EC3D213E8D4600EF4DA8 /* PointDetailViewController.swift */,
			);
			path = "Point Detail";
			sourceTree = "<group>";
		};
		FC47EC2D213E57C000EF4DA8 /* Helpers */ = {
			isa = PBXGroup;
			children = (
				FC47EC2B213E579100EF4DA8 /* Extensions.swift */,
			);
			path = Helpers;
			sourceTree = "<group>";
		};
		FC47EC34213E77BE00EF4DA8 /* Logistic */ = {
			isa = PBXGroup;
			children = (
				FC47EC35213E77D700EF4DA8 /* Logistic.storyboard */,
				FC47EC3F213E8D7100EF4DA8 /* LogisticViewController.swift */,
			);
			path = Logistic;
			sourceTree = "<group>";
		};
/* End PBXGroup section */

/* Begin PBXNativeTarget section */
		FC47EC00213D7E2500EF4DA8 /* Hopeathon */ = {
			isa = PBXNativeTarget;
			buildConfigurationList = FC47EC13213D7E2700EF4DA8 /* Build configuration list for PBXNativeTarget "Hopeathon" */;
			buildPhases = (
				F96F30BD5EF46121AED2DC64 /* [CP] Check Pods Manifest.lock */,
				FC47EBFD213D7E2500EF4DA8 /* Sources */,
				FC47EBFE213D7E2500EF4DA8 /* Frameworks */,
				FC47EBFF213D7E2500EF4DA8 /* Resources */,
				D8C361112FD1B30AAB0D5964 /* [CP] Embed Pods Frameworks */,
			);
			buildRules = (
			);
			dependencies = (
			);
			name = Hopeathon;
			productName = Hopeathon;
			productReference = FC47EC01213D7E2500EF4DA8 /* Hopeathon.app */;
			productType = "com.apple.product-type.application";
		};
/* End PBXNativeTarget section */

/* Begin PBXProject section */
		FC47EBF9213D7E2500EF4DA8 /* Project object */ = {
			isa = PBXProject;
			attributes = {
				LastSwiftUpdateCheck = 0940;
				LastUpgradeCheck = 0940;
				ORGANIZATIONNAME = omrobbie;
				TargetAttributes = {
					FC47EC00213D7E2500EF4DA8 = {
						CreatedOnToolsVersion = 9.4.1;
					};
				};
			};
			buildConfigurationList = FC47EBFC213D7E2500EF4DA8 /* Build configuration list for PBXProject "Hopeathon" */;
			compatibilityVersion = "Xcode 9.3";
			developmentRegion = en;
			hasScannedForEncodings = 0;
			knownRegions = (
				en,
				Base,
			);
			mainGroup = FC47EBF8213D7E2500EF4DA8;
			productRefGroup = FC47EC02213D7E2500EF4DA8 /* Products */;
			projectDirPath = "";
			projectRoot = "";
			targets = (
				FC47EC00213D7E2500EF4DA8 /* Hopeathon */,
			);
		};
/* End PBXProject section */

/* Begin PBXResourcesBuildPhase section */
		FC47EBFF213D7E2500EF4DA8 /* Resources */ = {
			isa = PBXResourcesBuildPhase;
			buildActionMask = 2147483647;
			files = (
				FC47EC1C213DFCD300EF4DA8 /* Project.storyboard in Resources */,
				FC47EC44213E933D00EF4DA8 /* GoogleService-Info.plist in Resources */,
				FC47EC26213E209700EF4DA8 /* Point Detail.storyboard in Resources */,
				FC47EC20213E06A900EF4DA8 /* Point.storyboard in Resources */,
				FC47EC0C213D7E2700EF4DA8 /* Assets.xcassets in Resources */,
				FC47EC23213E206A00EF4DA8 /* Project Detail.storyboard in Resources */,
				FC47EC36213E77D700EF4DA8 /* Logistic.storyboard in Resources */,
				FC47EC0A213D7E2500EF4DA8 /* Login.storyboard in Resources */,
			);
			runOnlyForDeploymentPostprocessing = 0;
		};
/* End PBXResourcesBuildPhase section */

/* Begin PBXShellScriptBuildPhase section */
		D8C361112FD1B30AAB0D5964 /* [CP] Embed Pods Frameworks */ = {
			isa = PBXShellScriptBuildPhase;
			buildActionMask = 2147483647;
			files = (
			);
			inputPaths = (
				"${SRCROOT}/Pods/Target Support Files/Pods-Hopeathon/Pods-Hopeathon-frameworks.sh",
				"${BUILT_PRODUCTS_DIR}/BoringSSL/openssl.framework",
				"${BUILT_PRODUCTS_DIR}/GTMSessionFetcher/GTMSessionFetcher.framework",
				"${BUILT_PRODUCTS_DIR}/GoogleUtilities/GoogleUtilities.framework",
				"${BUILT_PRODUCTS_DIR}/JJFloatingActionButton/JJFloatingActionButton.framework",
				"${BUILT_PRODUCTS_DIR}/Protobuf/Protobuf.framework",
				"${BUILT_PRODUCTS_DIR}/gRPC/GRPCClient.framework",
				"${BUILT_PRODUCTS_DIR}/gRPC-Core/grpc.framework",
				"${BUILT_PRODUCTS_DIR}/gRPC-ProtoRPC/ProtoRPC.framework",
				"${BUILT_PRODUCTS_DIR}/gRPC-RxLibrary/RxLibrary.framework",
				"${BUILT_PRODUCTS_DIR}/leveldb-library/leveldb.framework",
				"${BUILT_PRODUCTS_DIR}/nanopb/nanopb.framework",
			);
			name = "[CP] Embed Pods Frameworks";
			outputPaths = (
				"${TARGET_BUILD_DIR}/${FRAMEWORKS_FOLDER_PATH}/openssl.framework",
				"${TARGET_BUILD_DIR}/${FRAMEWORKS_FOLDER_PATH}/GTMSessionFetcher.framework",
				"${TARGET_BUILD_DIR}/${FRAMEWORKS_FOLDER_PATH}/GoogleUtilities.framework",
				"${TARGET_BUILD_DIR}/${FRAMEWORKS_FOLDER_PATH}/JJFloatingActionButton.framework",
				"${TARGET_BUILD_DIR}/${FRAMEWORKS_FOLDER_PATH}/Protobuf.framework",
				"${TARGET_BUILD_DIR}/${FRAMEWORKS_FOLDER_PATH}/GRPCClient.framework",
				"${TARGET_BUILD_DIR}/${FRAMEWORKS_FOLDER_PATH}/grpc.framework",
				"${TARGET_BUILD_DIR}/${FRAMEWORKS_FOLDER_PATH}/ProtoRPC.framework",
				"${TARGET_BUILD_DIR}/${FRAMEWORKS_FOLDER_PATH}/RxLibrary.framework",
				"${TARGET_BUILD_DIR}/${FRAMEWORKS_FOLDER_PATH}/leveldb.framework",
				"${TARGET_BUILD_DIR}/${FRAMEWORKS_FOLDER_PATH}/nanopb.framework",
			);
			runOnlyForDeploymentPostprocessing = 0;
			shellPath = /bin/sh;
			shellScript = "\"${SRCROOT}/Pods/Target Support Files/Pods-Hopeathon/Pods-Hopeathon-frameworks.sh\"\n";
			showEnvVarsInLog = 0;
		};
		F96F30BD5EF46121AED2DC64 /* [CP] Check Pods Manifest.lock */ = {
			isa = PBXShellScriptBuildPhase;
			buildActionMask = 2147483647;
			files = (
			);
			inputPaths = (
				"${PODS_PODFILE_DIR_PATH}/Podfile.lock",
				"${PODS_ROOT}/Manifest.lock",
			);
			name = "[CP] Check Pods Manifest.lock";
			outputPaths = (
				"$(DERIVED_FILE_DIR)/Pods-Hopeathon-checkManifestLockResult.txt",
			);
			runOnlyForDeploymentPostprocessing = 0;
			shellPath = /bin/sh;
			shellScript = "diff \"${PODS_PODFILE_DIR_PATH}/Podfile.lock\" \"${PODS_ROOT}/Manifest.lock\" > /dev/null\nif [ $? != 0 ] ; then\n    # print error to STDERR\n    echo \"error: The sandbox is not in sync with the Podfile.lock. Run 'pod install' or update your CocoaPods installation.\" >&2\n    exit 1\nfi\n# This output is used by Xcode 'outputs' to avoid re-running this script phase.\necho \"SUCCESS\" > \"${SCRIPT_OUTPUT_FILE_0}\"\n";
			showEnvVarsInLog = 0;
		};
/* End PBXShellScriptBuildPhase section */

/* Begin PBXSourcesBuildPhase section */
		FC47EBFD213D7E2500EF4DA8 /* Sources */ = {
			isa = PBXSourcesBuildPhase;
			buildActionMask = 2147483647;
			files = (
				FC47EC31213E611600EF4DA8 /* ProjectDetailEditViewController.swift in Sources */,
				FC47EC2C213E579100EF4DA8 /* Extensions.swift in Sources */,
				FC47EC42213E8DAD00EF4DA8 /* PointNewViewController.swift in Sources */,
				FC47EC2F213E58FD00EF4DA8 /* ProjectDetailViewController.swift in Sources */,
				FC47EC3E213E8D4600EF4DA8 /* PointDetailViewController.swift in Sources */,
				FC47EC3C213E89AA00EF4DA8 /* ProjectMainViewController.swift in Sources */,
				FC230E86213EC0E000A67845 /* User.swift in Sources */,
				FC47EC07213D7E2500EF4DA8 /* LoginViewController.swift in Sources */,
				FC47EC2A213E567900EF4DA8 /* ProjectNewViewController.swift in Sources */,
				FC47EC33213E704800EF4DA8 /* PointViewController.swift in Sources */,
				FC47EC40213E8D7100EF4DA8 /* LogisticViewController.swift in Sources */,
				FC47EC05213D7E2500EF4DA8 /* AppDelegate.swift in Sources */,
				FC47EC38213E853400EF4DA8 /* PointMainViewController.swift in Sources */,
				61F08696213EB70A00E1BAF3 /* PointCell.swift in Sources */,
				FC47EC28213E563A00EF4DA8 /* ProjectViewController.swift in Sources */,
			);
			runOnlyForDeploymentPostprocessing = 0;
		};
/* End PBXSourcesBuildPhase section */

/* Begin PBXVariantGroup section */
		FC47EC08213D7E2500EF4DA8 /* Login.storyboard */ = {
			isa = PBXVariantGroup;
			children = (
				FC47EC09213D7E2500EF4DA8 /* Base */,
			);
			name = Login.storyboard;
			sourceTree = "<group>";
		};
/* End PBXVariantGroup section */

/* Begin XCBuildConfiguration section */
		FC47EC11213D7E2700EF4DA8 /* Debug */ = {
			isa = XCBuildConfiguration;
			buildSettings = {
				ALWAYS_SEARCH_USER_PATHS = NO;
				CLANG_ANALYZER_NONNULL = YES;
				CLANG_ANALYZER_NUMBER_OBJECT_CONVERSION = YES_AGGRESSIVE;
				CLANG_CXX_LANGUAGE_STANDARD = "gnu++14";
				CLANG_CXX_LIBRARY = "libc++";
				CLANG_ENABLE_MODULES = YES;
				CLANG_ENABLE_OBJC_ARC = YES;
				CLANG_ENABLE_OBJC_WEAK = YES;
				CLANG_WARN_BLOCK_CAPTURE_AUTORELEASING = YES;
				CLANG_WARN_BOOL_CONVERSION = YES;
				CLANG_WARN_COMMA = YES;
				CLANG_WARN_CONSTANT_CONVERSION = YES;
				CLANG_WARN_DEPRECATED_OBJC_IMPLEMENTATIONS = YES;
				CLANG_WARN_DIRECT_OBJC_ISA_USAGE = YES_ERROR;
				CLANG_WARN_DOCUMENTATION_COMMENTS = YES;
				CLANG_WARN_EMPTY_BODY = YES;
				CLANG_WARN_ENUM_CONVERSION = YES;
				CLANG_WARN_INFINITE_RECURSION = YES;
				CLANG_WARN_INT_CONVERSION = YES;
				CLANG_WARN_NON_LITERAL_NULL_CONVERSION = YES;
				CLANG_WARN_OBJC_IMPLICIT_RETAIN_SELF = YES;
				CLANG_WARN_OBJC_LITERAL_CONVERSION = YES;
				CLANG_WARN_OBJC_ROOT_CLASS = YES_ERROR;
				CLANG_WARN_RANGE_LOOP_ANALYSIS = YES;
				CLANG_WARN_STRICT_PROTOTYPES = YES;
				CLANG_WARN_SUSPICIOUS_MOVE = YES;
				CLANG_WARN_UNGUARDED_AVAILABILITY = YES_AGGRESSIVE;
				CLANG_WARN_UNREACHABLE_CODE = YES;
				CLANG_WARN__DUPLICATE_METHOD_MATCH = YES;
				CODE_SIGN_IDENTITY = "iPhone Developer";
				COPY_PHASE_STRIP = NO;
				DEBUG_INFORMATION_FORMAT = dwarf;
				ENABLE_STRICT_OBJC_MSGSEND = YES;
				ENABLE_TESTABILITY = YES;
				GCC_C_LANGUAGE_STANDARD = gnu11;
				GCC_DYNAMIC_NO_PIC = NO;
				GCC_NO_COMMON_BLOCKS = YES;
				GCC_OPTIMIZATION_LEVEL = 0;
				GCC_PREPROCESSOR_DEFINITIONS = (
					"DEBUG=1",
					"$(inherited)",
				);
				GCC_WARN_64_TO_32_BIT_CONVERSION = YES;
				GCC_WARN_ABOUT_RETURN_TYPE = YES_ERROR;
				GCC_WARN_UNDECLARED_SELECTOR = YES;
				GCC_WARN_UNINITIALIZED_AUTOS = YES_AGGRESSIVE;
				GCC_WARN_UNUSED_FUNCTION = YES;
				GCC_WARN_UNUSED_VARIABLE = YES;
				IPHONEOS_DEPLOYMENT_TARGET = 11.4;
				MTL_ENABLE_DEBUG_INFO = YES;
				ONLY_ACTIVE_ARCH = YES;
				SDKROOT = iphoneos;
				SWIFT_ACTIVE_COMPILATION_CONDITIONS = DEBUG;
				SWIFT_OPTIMIZATION_LEVEL = "-Onone";
			};
			name = Debug;
		};
		FC47EC12213D7E2700EF4DA8 /* Release */ = {
			isa = XCBuildConfiguration;
			buildSettings = {
				ALWAYS_SEARCH_USER_PATHS = NO;
				CLANG_ANALYZER_NONNULL = YES;
				CLANG_ANALYZER_NUMBER_OBJECT_CONVERSION = YES_AGGRESSIVE;
				CLANG_CXX_LANGUAGE_STANDARD = "gnu++14";
				CLANG_CXX_LIBRARY = "libc++";
				CLANG_ENABLE_MODULES = YES;
				CLANG_ENABLE_OBJC_ARC = YES;
				CLANG_ENABLE_OBJC_WEAK = YES;
				CLANG_WARN_BLOCK_CAPTURE_AUTORELEASING = YES;
				CLANG_WARN_BOOL_CONVERSION = YES;
				CLANG_WARN_COMMA = YES;
				CLANG_WARN_CONSTANT_CONVERSION = YES;
				CLANG_WARN_DEPRECATED_OBJC_IMPLEMENTATIONS = YES;
				CLANG_WARN_DIRECT_OBJC_ISA_USAGE = YES_ERROR;
				CLANG_WARN_DOCUMENTATION_COMMENTS = YES;
				CLANG_WARN_EMPTY_BODY = YES;
				CLANG_WARN_ENUM_CONVERSION = YES;
				CLANG_WARN_INFINITE_RECURSION = YES;
				CLANG_WARN_INT_CONVERSION = YES;
				CLANG_WARN_NON_LITERAL_NULL_CONVERSION = YES;
				CLANG_WARN_OBJC_IMPLICIT_RETAIN_SELF = YES;
				CLANG_WARN_OBJC_LITERAL_CONVERSION = YES;
				CLANG_WARN_OBJC_ROOT_CLASS = YES_ERROR;
				CLANG_WARN_RANGE_LOOP_ANALYSIS = YES;
				CLANG_WARN_STRICT_PROTOTYPES = YES;
				CLANG_WARN_SUSPICIOUS_MOVE = YES;
				CLANG_WARN_UNGUARDED_AVAILABILITY = YES_AGGRESSIVE;
				CLANG_WARN_UNREACHABLE_CODE = YES;
				CLANG_WARN__DUPLICATE_METHOD_MATCH = YES;
				CODE_SIGN_IDENTITY = "iPhone Developer";
				COPY_PHASE_STRIP = NO;
				DEBUG_INFORMATION_FORMAT = "dwarf-with-dsym";
				ENABLE_NS_ASSERTIONS = NO;
				ENABLE_STRICT_OBJC_MSGSEND = YES;
				GCC_C_LANGUAGE_STANDARD = gnu11;
				GCC_NO_COMMON_BLOCKS = YES;
				GCC_WARN_64_TO_32_BIT_CONVERSION = YES;
				GCC_WARN_ABOUT_RETURN_TYPE = YES_ERROR;
				GCC_WARN_UNDECLARED_SELECTOR = YES;
				GCC_WARN_UNINITIALIZED_AUTOS = YES_AGGRESSIVE;
				GCC_WARN_UNUSED_FUNCTION = YES;
				GCC_WARN_UNUSED_VARIABLE = YES;
				IPHONEOS_DEPLOYMENT_TARGET = 11.4;
				MTL_ENABLE_DEBUG_INFO = NO;
				SDKROOT = iphoneos;
				SWIFT_COMPILATION_MODE = wholemodule;
				SWIFT_OPTIMIZATION_LEVEL = "-O";
				VALIDATE_PRODUCT = YES;
			};
			name = Release;
		};
		FC47EC14213D7E2700EF4DA8 /* Debug */ = {
			isa = XCBuildConfiguration;
			baseConfigurationReference = 0588584EEEB706711FE93AB8 /* Pods-Hopeathon.debug.xcconfig */;
			buildSettings = {
				ASSETCATALOG_COMPILER_APPICON_NAME = AppIcon;
				CODE_SIGN_STYLE = Automatic;
				DEVELOPMENT_TEAM = 3SMXMP42NY;
				INFOPLIST_FILE = "$(SRCROOT)/Hopeathon/Supporting Files/Info.plist";
				LD_RUNPATH_SEARCH_PATHS = (
					"$(inherited)",
					"@executable_path/Frameworks",
				);
				PRODUCT_BUNDLE_IDENTIFIER = com.omrobbie.Hopeathon;
				PRODUCT_NAME = "$(TARGET_NAME)";
				SWIFT_VERSION = 4.0;
				TARGETED_DEVICE_FAMILY = "1,2";
			};
			name = Debug;
		};
		FC47EC15213D7E2700EF4DA8 /* Release */ = {
			isa = XCBuildConfiguration;
			baseConfigurationReference = B76744A23B4EFA2A4F622AA9 /* Pods-Hopeathon.release.xcconfig */;
			buildSettings = {
				ASSETCATALOG_COMPILER_APPICON_NAME = AppIcon;
				CODE_SIGN_STYLE = Automatic;
				DEVELOPMENT_TEAM = 3SMXMP42NY;
				INFOPLIST_FILE = "$(SRCROOT)/Hopeathon/Supporting Files/Info.plist";
				LD_RUNPATH_SEARCH_PATHS = (
					"$(inherited)",
					"@executable_path/Frameworks",
				);
				PRODUCT_BUNDLE_IDENTIFIER = com.omrobbie.Hopeathon;
				PRODUCT_NAME = "$(TARGET_NAME)";
				SWIFT_VERSION = 4.0;
				TARGETED_DEVICE_FAMILY = "1,2";
			};
			name = Release;
		};
/* End XCBuildConfiguration section */

/* Begin XCConfigurationList section */
		FC47EBFC213D7E2500EF4DA8 /* Build configuration list for PBXProject "Hopeathon" */ = {
			isa = XCConfigurationList;
			buildConfigurations = (
				FC47EC11213D7E2700EF4DA8 /* Debug */,
				FC47EC12213D7E2700EF4DA8 /* Release */,
			);
			defaultConfigurationIsVisible = 0;
			defaultConfigurationName = Release;
		};
		FC47EC13213D7E2700EF4DA8 /* Build configuration list for PBXNativeTarget "Hopeathon" */ = {
			isa = XCConfigurationList;
			buildConfigurations = (
				FC47EC14213D7E2700EF4DA8 /* Debug */,
				FC47EC15213D7E2700EF4DA8 /* Release */,
			);
			defaultConfigurationIsVisible = 0;
			defaultConfigurationName = Release;
		};
/* End XCConfigurationList section */
	};
	rootObject = FC47EBF9213D7E2500EF4DA8 /* Project object */;
}
